{
  "name": "access-mgmt",
  "private": true,
  "workspaces": ["apps/*"],
  "scripts": {
    "dev": "concurrently -n WEB,API -c blue,green \"pnpm --filter web dev\" \"pnpm --filter api dev\"",
    "build": "pnpm -r build",
    "start": "pnpm --filter api start",
    "format": "pnpm -r prettier --write .",
    "lint": "pnpm -r eslint ."
  },
  "devDependencies": {
    "concurrently": "^9.0.0",
    "prettier": "^3.3.3"
  }
}